
Microsoft Visual Studio Solution File, Format Version 12.00
# Visual Studio Version 17
VisualStudioVersion = 17.9.34728.123
MinimumVisualStudioVersion = 10.0.40219.1
Project("{2150E333-8FDC-42A3-9474-1A3956D46DE8}") = "Services", "Services", "{9D564520-3C71-4542-8DE8-D154A1A53A83}"
EndProject
Project("{2150E333-8FDC-42A3-9474-1A3956D46DE8}") = "Catalog", "Catalog", "{B69947B0-2069-48E8-AD95-F77492C4B4F7}"
EndProject
Project("{9A19103F-16F7-4668-BE54-9A1E7A4F7556}") = "Catalog.API", "Services\Catalog\Catalog.API\Catalog.API.csproj", "{F8E068D7-5D0C-4F13-9E75-BE2633654AF6}"
EndProject
Project("{2150E333-8FDC-42A3-9474-1A3956D46DE8}") = "BuildingBlocks", "BuildingBlocks", "{2BD312F2-DD22-42BC-87CB-A3D8C6E501EA}"
EndProject
Project("{9A19103F-16F7-4668-BE54-9A1E7A4F7556}") = "BuildingBlocks", "BuildingBlocks\BuildingBlocks\BuildingBlocks.csproj", "{9C1C9CCF-4653-4842-A826-866A0239C0F4}"
EndProject
Project("{E53339B2-1760-4266-BCC7-CA923CBCF16C}") = "docker-compose", "docker-compose.dcproj", "{DDC6D8D7-B4A2-4B80-92A0-B7116B91E970}"
EndProject
Project("{2150E333-8FDC-42A3-9474-1A3956D46DE8}") = "Basket", "Basket", "{35722FE7-80D4-4A0D-973E-6B0C9E0A59AB}"
EndProject
Project("{9A19103F-16F7-4668-BE54-9A1E7A4F7556}") = "Basket.API", "Services\Basket\Basket.API\Basket.API.csproj", "{917D7EE1-0E40-44C2-9CA0-CAA57F296E4D}"
EndProject
Project("{2150E333-8FDC-42A3-9474-1A3956D46DE8}") = "Discount", "Discount", "{0C65D7D2-969F-4327-B951-AFEA3109D90C}"
EndProject
Project("{9A19103F-16F7-4668-BE54-9A1E7A4F7556}") = "Discount.Grpc", "Services\Discount\Discount.Grpc\Discount.Grpc.csproj", "{ED305A94-3E8D-4C1E-8C88-351241EC3701}"
EndProject
Project("{2150E333-8FDC-42A3-9474-1A3956D46DE8}") = "Ordering", "Ordering", "{70BD0CB6-4AC1-4997-B9A7-2B86233EB1E6}"
EndProject
Project("{FAE04EC0-301F-11D3-BF4B-00C04F79EFBC}") = "Ordering.API", "Services\Ordering\Ordering.API\Ordering.API.csproj", "{99003252-4231-4DC5-BA5A-3221F6D12100}"
EndProject
Project("{FAE04EC0-301F-11D3-BF4B-00C04F79EFBC}") = "Ordering.Domain", "Services\Ordering\Ordering.Domain\Ordering.Domain.csproj", "{E5B8DB33-8DF6-4468-BB07-17FD8F4F6402}"
EndProject
Project("{FAE04EC0-301F-11D3-BF4B-00C04F79EFBC}") = "Ordering.Aplication", "Services\Ordering\Ordering.Aplication\Ordering.Aplication.csproj", "{88FDA90E-FF6E-4700-B591-BC6B1FE5AC22}"
EndProject
Project("{FAE04EC0-301F-11D3-BF4B-00C04F79EFBC}") = "Ordering.Infrastructure", "Services\Ordering\Ordering.Infrastructure\Ordering.Infrastructure.csproj", "{799FDB38-B3DB-499E-B398-1941E3450629}"
EndProject
Project("{FAE04EC0-301F-11D3-BF4B-00C04F79EFBC}") = "BuildingBlocks.Messaging", "BuildingBlocks\BuildingBlocks.Messaging\BuildingBlocks.Messaging.csproj", "{EED7A2BA-E236-48C9-93C4-23064A1131FD}"
EndProject
Global
	GlobalSection(SolutionConfigurationPlatforms) = preSolution
		Debug|Any CPU = Debug|Any CPU
		Release|Any CPU = Release|Any CPU
	EndGlobalSection
	GlobalSection(ProjectConfigurationPlatforms) = postSolution
		{F8E068D7-5D0C-4F13-9E75-BE2633654AF6}.Debug|Any CPU.ActiveCfg = Debug|Any CPU
		{F8E068D7-5D0C-4F13-9E75-BE2633654AF6}.Debug|Any CPU.Build.0 = Debug|Any CPU
		{F8E068D7-5D0C-4F13-9E75-BE2633654AF6}.Release|Any CPU.ActiveCfg = Release|Any CPU
		{F8E068D7-5D0C-4F13-9E75-BE2633654AF6}.Release|Any CPU.Build.0 = Release|Any CPU
		{9C1C9CCF-4653-4842-A826-866A0239C0F4}.Debug|Any CPU.ActiveCfg = Debug|Any CPU
		{9C1C9CCF-4653-4842-A826-866A0239C0F4}.Debug|Any CPU.Build.0 = Debug|Any CPU
		{9C1C9CCF-4653-4842-A826-866A0239C0F4}.Release|Any CPU.ActiveCfg = Release|Any CPU
		{9C1C9CCF-4653-4842-A826-866A0239C0F4}.Release|Any CPU.Build.0 = Release|Any CPU
		{DDC6D8D7-B4A2-4B80-92A0-B7116B91E970}.Debug|Any CPU.ActiveCfg = Debug|Any CPU
		{DDC6D8D7-B4A2-4B80-92A0-B7116B91E970}.Debug|Any CPU.Build.0 = Debug|Any CPU
		{DDC6D8D7-B4A2-4B80-92A0-B7116B91E970}.Release|Any CPU.ActiveCfg = Release|Any CPU
		{DDC6D8D7-B4A2-4B80-92A0-B7116B91E970}.Release|Any CPU.Build.0 = Release|Any CPU
		{917D7EE1-0E40-44C2-9CA0-CAA57F296E4D}.Debug|Any CPU.ActiveCfg = Debug|Any CPU
		{917D7EE1-0E40-44C2-9CA0-CAA57F296E4D}.Debug|Any CPU.Build.0 = Debug|Any CPU
		{917D7EE1-0E40-44C2-9CA0-CAA57F296E4D}.Release|Any CPU.ActiveCfg = Release|Any CPU
		{917D7EE1-0E40-44C2-9CA0-CAA57F296E4D}.Release|Any CPU.Build.0 = Release|Any CPU
		{ED305A94-3E8D-4C1E-8C88-351241EC3701}.Debug|Any CPU.ActiveCfg = Debug|Any CPU
		{ED305A94-3E8D-4C1E-8C88-351241EC3701}.Debug|Any CPU.Build.0 = Debug|Any CPU
		{ED305A94-3E8D-4C1E-8C88-351241EC3701}.Release|Any CPU.ActiveCfg = Release|Any CPU
		{ED305A94-3E8D-4C1E-8C88-351241EC3701}.Release|Any CPU.Build.0 = Release|Any CPU
		{99003252-4231-4DC5-BA5A-3221F6D12100}.Debug|Any CPU.ActiveCfg = Debug|Any CPU
		{99003252-4231-4DC5-BA5A-3221F6D12100}.Debug|Any CPU.Build.0 = Debug|Any CPU
		{99003252-4231-4DC5-BA5A-3221F6D12100}.Release|Any CPU.ActiveCfg = Release|Any CPU
		{99003252-4231-4DC5-BA5A-3221F6D12100}.Release|Any CPU.Build.0 = Release|Any CPU
		{E5B8DB33-8DF6-4468-BB07-17FD8F4F6402}.Debug|Any CPU.ActiveCfg = Debug|Any CPU
		{E5B8DB33-8DF6-4468-BB07-17FD8F4F6402}.Debug|Any CPU.Build.0 = Debug|Any CPU
		{E5B8DB33-8DF6-4468-BB07-17FD8F4F6402}.Release|Any CPU.ActiveCfg = Release|Any CPU
		{E5B8DB33-8DF6-4468-BB07-17FD8F4F6402}.Release|Any CPU.Build.0 = Release|Any CPU
		{88FDA90E-FF6E-4700-B591-BC6B1FE5AC22}.Debug|Any CPU.ActiveCfg = Debug|Any CPU
		{88FDA90E-FF6E-4700-B591-BC6B1FE5AC22}.Debug|Any CPU.Build.0 = Debug|Any CPU
		{88FDA90E-FF6E-4700-B591-BC6B1FE5AC22}.Release|Any CPU.ActiveCfg = Release|Any CPU
		{88FDA90E-FF6E-4700-B591-BC6B1FE5AC22}.Release|Any CPU.Build.0 = Release|Any CPU
		{799FDB38-B3DB-499E-B398-1941E3450629}.Debug|Any CPU.ActiveCfg = Debug|Any CPU
		{799FDB38-B3DB-499E-B398-1941E3450629}.Debug|Any CPU.Build.0 = Debug|Any CPU
		{799FDB38-B3DB-499E-B398-1941E3450629}.Release|Any CPU.ActiveCfg = Release|Any CPU
		{799FDB38-B3DB-499E-B398-1941E3450629}.Release|Any CPU.Build.0 = Release|Any CPU
		{EED7A2BA-E236-48C9-93C4-23064A1131FD}.Debug|Any CPU.ActiveCfg = Debug|Any CPU
		{EED7A2BA-E236-48C9-93C4-23064A1131FD}.Debug|Any CPU.Build.0 = Debug|Any CPU
		{EED7A2BA-E236-48C9-93C4-23064A1131FD}.Release|Any CPU.ActiveCfg = Release|Any CPU
		{EED7A2BA-E236-48C9-93C4-23064A1131FD}.Release|Any CPU.Build.0 = Release|Any CPU
	EndGlobalSection
	GlobalSection(SolutionProperties) = preSolution
		HideSolutionNode = FALSE
	EndGlobalSection
	GlobalSection(NestedProjects) = preSolution
		{B69947B0-2069-48E8-AD95-F77492C4B4F7} = {9D564520-3C71-4542-8DE8-D154A1A53A83}
		{F8E068D7-5D0C-4F13-9E75-BE2633654AF6} = {B69947B0-2069-48E8-AD95-F77492C4B4F7}
		{9C1C9CCF-4653-4842-A826-866A0239C0F4} = {2BD312F2-DD22-42BC-87CB-A3D8C6E501EA}
		{35722FE7-80D4-4A0D-973E-6B0C9E0A59AB} = {9D564520-3C71-4542-8DE8-D154A1A53A83}
		{917D7EE1-0E40-44C2-9CA0-CAA57F296E4D} = {35722FE7-80D4-4A0D-973E-6B0C9E0A59AB}
		{0C65D7D2-969F-4327-B951-AFEA3109D90C} = {9D564520-3C71-4542-8DE8-D154A1A53A83}
		{ED305A94-3E8D-4C1E-8C88-351241EC3701} = {0C65D7D2-969F-4327-B951-AFEA3109D90C}
		{70BD0CB6-4AC1-4997-B9A7-2B86233EB1E6} = {9D564520-3C71-4542-8DE8-D154A1A53A83}
		{99003252-4231-4DC5-BA5A-3221F6D12100} = {70BD0CB6-4AC1-4997-B9A7-2B86233EB1E6}
		{E5B8DB33-8DF6-4468-BB07-17FD8F4F6402} = {70BD0CB6-4AC1-4997-B9A7-2B86233EB1E6}
		{88FDA90E-FF6E-4700-B591-BC6B1FE5AC22} = {70BD0CB6-4AC1-4997-B9A7-2B86233EB1E6}
		{799FDB38-B3DB-499E-B398-1941E3450629} = {70BD0CB6-4AC1-4997-B9A7-2B86233EB1E6}
		{EED7A2BA-E236-48C9-93C4-23064A1131FD} = {2BD312F2-DD22-42BC-87CB-A3D8C6E501EA}
	EndGlobalSection
	GlobalSection(ExtensibilityGlobals) = postSolution
		SolutionGuid = {0FC6D270-B52E-4D27-9FD3-B97AE64267BB}
	EndGlobalSection
EndGlobal
